
Microsoft Visual Studio Solution File, Format Version 12.00
# Visual Studio Version 17
VisualStudioVersion = 17.4.33403.182
MinimumVisualStudioVersion = 10.0.40219.1
Project("{FAE04EC0-301F-11D3-BF4B-00C04F79EFBC}") = "ChallengeApp", "ChallengeApp\ChallengeApp.csproj", "{C7F96B8C-B10B-4AC4-A0EB-D61DF5E57122}"
EndProject
Global
	GlobalSection(SolutionConfigurationPlatforms) = preSolution
		Debug|Any CPU = Debug|Any CPU
		Release|Any CPU = Release|Any CPU
	EndGlobalSection
	GlobalSection(ProjectConfigurationPlatforms) = postSolution
		{C7F96B8C-B10B-4AC4-A0EB-D61DF5E57122}.Debug|Any CPU.ActiveCfg = Debug|Any CPU
		{C7F96B8C-B10B-4AC4-A0EB-D61DF5E57122}.Debug|Any CPU.Build.0 = Debug|Any CPU
		{C7F96B8C-B10B-4AC4-A0EB-D61DF5E57122}.Release|Any CPU.ActiveCfg = Release|Any CPU
		{C7F96B8C-B10B-4AC4-A0EB-D61DF5E57122}.Release|Any CPU.Build.0 = Release|Any CPU
	EndGlobalSection
	GlobalSection(SolutionProperties) = preSolution
		HideSolutionNode = FALSE
	EndGlobalSection
	GlobalSection(ExtensibilityGlobals) = postSolution
		SolutionGuid = {80818BB0-59B2-4478-88C3-3A645ED62339}
	EndGlobalSection
EndGlobal
